// !$*UTF8*$!
{
	archiveVersion = 1;
	classes = {
	};
	objectVersion = 46;
	objects = {

/* Begin PBXBuildFile section */
		DF41C25F1DBDDEC9009EADE9 /* main.m in Sources */ = {isa = PBXBuildFile; fileRef = DF41C25E1DBDDEC9009EADE9 /* main.m */; };
		DF41C2621DBDDEC9009EADE9 /* AppDelegate.m in Sources */ = {isa = PBXBuildFile; fileRef = DF41C2611DBDDEC9009EADE9 /* AppDelegate.m */; };
		DF41C2651DBDDEC9009EADE9 /* LoginViewController.m in Sources */ = {isa = PBXBuildFile; fileRef = DF41C2641DBDDEC9009EADE9 /* LoginViewController.m */; };
		DF41C2681DBDDEC9009EADE9 /* Main.storyboard in Resources */ = {isa = PBXBuildFile; fileRef = DF41C2661DBDDEC9009EADE9 /* Main.storyboard */; };
		DF41C26A1DBDDEC9009EADE9 /* Assets.xcassets in Resources */ = {isa = PBXBuildFile; fileRef = DF41C2691DBDDEC9009EADE9 /* Assets.xcassets */; };
		DF41C26D1DBDDEC9009EADE9 /* LaunchScreen.storyboard in Resources */ = {isa = PBXBuildFile; fileRef = DF41C26B1DBDDEC9009EADE9 /* LaunchScreen.storyboard */; };
		DF41C2781DBDDEC9009EADE9 /* WXmomentTests.m in Sources */ = {isa = PBXBuildFile; fileRef = DF41C2771DBDDEC9009EADE9 /* WXmomentTests.m */; };
		DF41C2831DBDDEC9009EADE9 /* WXmomentUITests.m in Sources */ = {isa = PBXBuildFile; fileRef = DF41C2821DBDDEC9009EADE9 /* WXmomentUITests.m */; };
/* End PBXBuildFile section */

/* Begin PBXContainerItemProxy section */
		DF41C2741DBDDEC9009EADE9 /* PBXContainerItemProxy */ = {
			isa = PBXContainerItemProxy;
			containerPortal = DF41C2521DBDDEC9009EADE9 /* Project object */;
			proxyType = 1;
			remoteGlobalIDString = DF41C2591DBDDEC9009EADE9;
			remoteInfo = WXmoment;
		};
		DF41C27F1DBDDEC9009EADE9 /* PBXContainerItemProxy */ = {
			isa = PBXContainerItemProxy;
			containerPortal = DF41C2521DBDDEC9009EADE9 /* Project object */;
			proxyType = 1;
			remoteGlobalIDString = DF41C2591DBDDEC9009EADE9;
			remoteInfo = WXmoment;
		};
/* End PBXContainerItemProxy section */

/* Begin PBXFileReference section */
		DF41C25A1DBDDEC9009EADE9 /* WXmoment.app */ = {isa = PBXFileReference; explicitFileType = wrapper.application; includeInIndex = 0; path = WXmoment.app; sourceTree = BUILT_PRODUCTS_DIR; };
		DF41C25E1DBDDEC9009EADE9 /* main.m */ = {isa = PBXFileReference; lastKnownFileType = sourcecode.c.objc; path = main.m; sourceTree = "<group>"; };
		DF41C2601DBDDEC9009EADE9 /* AppDelegate.h */ = {isa = PBXFileReference; lastKnownFileType = sourcecode.c.h; path = AppDelegate.h; sourceTree = "<group>"; };
		DF41C2611DBDDEC9009EADE9 /* AppDelegate.m */ = {isa = PBXFileReference; lastKnownFileType = sourcecode.c.objc; path = AppDelegate.m; sourceTree = "<group>"; };
		DF41C2631DBDDEC9009EADE9 /* LoginViewController.h */ = {isa = PBXFileReference; lastKnownFileType = sourcecode.c.h; path = LoginViewController.h; sourceTree = "<group>"; };
		DF41C2641DBDDEC9009EADE9 /* LoginViewController.m */ = {isa = PBXFileReference; lastKnownFileType = sourcecode.c.objc; path = LoginViewController.m; sourceTree = "<group>"; };
		DF41C2671DBDDEC9009EADE9 /* Base */ = {isa = PBXFileReference; lastKnownFileType = file.storyboard; name = Base; path = Base.lproj/Main.storyboard; sourceTree = "<group>"; };
		DF41C2691DBDDEC9009EADE9 /* Assets.xcassets */ = {isa = PBXFileReference; lastKnownFileType = folder.assetcatalog; path = Assets.xcassets; sourceTree = "<group>"; };
		DF41C26C1DBDDEC9009EADE9 /* Base */ = {isa = PBXFileReference; lastKnownFileType = file.storyboard; name = Base; path = Base.lproj/LaunchScreen.storyboard; sourceTree = "<group>"; };
		DF41C26E1DBDDEC9009EADE9 /* Info.plist */ = {isa = PBXFileReference; lastKnownFileType = text.plist.xml; path = Info.plist; sourceTree = "<group>"; };
		DF41C2731DBDDEC9009EADE9 /* WXmomentTests.xctest */ = {isa = PBXFileReference; explicitFileType = wrapper.cfbundle; includeInIndex = 0; path = WXmomentTests.xctest; sourceTree = BUILT_PRODUCTS_DIR; };
		DF41C2771DBDDEC9009EADE9 /* WXmomentTests.m */ = {isa = PBXFileReference; lastKnownFileType = sourcecode.c.objc; path = WXmomentTests.m; sourceTree = "<group>"; };
		DF41C2791DBDDEC9009EADE9 /* Info.plist */ = {isa = PBXFileReference; lastKnownFileType = text.plist.xml; path = Info.plist; sourceTree = "<group>"; };
		DF41C27E1DBDDEC9009EADE9 /* WXmomentUITests.xctest */ = {isa = PBXFileReference; explicitFileType = wrapper.cfbundle; includeInIndex = 0; path = WXmomentUITests.xctest; sourceTree = BUILT_PRODUCTS_DIR; };
		DF41C2821DBDDEC9009EADE9 /* WXmomentUITests.m */ = {isa = PBXFileReference; lastKnownFileType = sourcecode.c.objc; path = WXmomentUITests.m; sourceTree = "<group>"; };
		DF41C2841DBDDEC9009EADE9 /* Info.plist */ = {isa = PBXFileReference; lastKnownFileType = text.plist.xml; path = Info.plist; sourceTree = "<group>"; };
/* End PBXFileReference section */

/* Begin PBXFrameworksBuildPhase section */
		DF41C2571DBDDEC9009EADE9 /* Frameworks */ = {
			isa = PBXFrameworksBuildPhase;
			buildActionMask = 2147483647;
			files = (
			);
			runOnlyForDeploymentPostprocessing = 0;
		};
		DF41C2701DBDDEC9009EADE9 /* Frameworks */ = {
			isa = PBXFrameworksBuildPhase;
			buildActionMask = 2147483647;
			files = (
			);
			runOnlyForDeploymentPostprocessing = 0;
		};
		DF41C27B1DBDDEC9009EADE9 /* Frameworks */ = {
			isa = PBXFrameworksBuildPhase;
			buildActionMask = 2147483647;
			files = (
			);
			runOnlyForDeploymentPostprocessing = 0;
		};
/* End PBXFrameworksBuildPhase section */

/* Begin PBXGroup section */
		DF41C2511DBDDEC9009EADE9 = {
			isa = PBXGroup;
			children = (
				DF41C25C1DBDDEC9009EADE9 /* WXmoment */,
				DF41C2761DBDDEC9009EADE9 /* WXmomentTests */,
				DF41C2811DBDDEC9009EADE9 /* WXmomentUITests */,
				DF41C25B1DBDDEC9009EADE9 /* Products */,
			);
			sourceTree = "<group>";
		};
		DF41C25B1DBDDEC9009EADE9 /* Products */ = {
			isa = PBXGroup;
			children = (
				DF41C25A1DBDDEC9009EADE9 /* WXmoment.app */,
				DF41C2731DBDDEC9009EADE9 /* WXmomentTests.xctest */,
				DF41C27E1DBDDEC9009EADE9 /* WXmomentUITests.xctest */,
			);
			name = Products;
			sourceTree = "<group>";
		};
		DF41C25C1DBDDEC9009EADE9 /* WXmoment */ = {
			isa = PBXGroup;
			children = (
				DF41C2601DBDDEC9009EADE9 /* AppDelegate.h */,
				DF41C2611DBDDEC9009EADE9 /* AppDelegate.m */,
				DF41C2631DBDDEC9009EADE9 /* LoginViewController.h */,
				DF41C2641DBDDEC9009EADE9 /* LoginViewController.m */,
				DF41C2661DBDDEC9009EADE9 /* Main.storyboard */,
				DF41C2691DBDDEC9009EADE9 /* Assets.xcassets */,
				DF41C26B1DBDDEC9009EADE9 /* LaunchScreen.storyboard */,
				DF41C26E1DBDDEC9009EADE9 /* Info.plist */,
				DF41C25D1DBDDEC9009EADE9 /* Supporting Files */,
			);
			path = WXmoment;
			sourceTree = "<group>";
		};
		DF41C25D1DBDDEC9009EADE9 /* Supporting Files */ = {
			isa = PBXGroup;
			children = (
				DF41C25E1DBDDEC9009EADE9 /* main.m */,
			);
			name = "Supporting Files";
			sourceTree = "<group>";
		};
		DF41C2761DBDDEC9009EADE9 /* WXmomentTests */ = {
			isa = PBXGroup;
			children = (
				DF41C2771DBDDEC9009EADE9 /* WXmomentTests.m */,
				DF41C2791DBDDEC9009EADE9 /* Info.plist */,
			);
			path = WXmomentTests;
			sourceTree = "<group>";
		};
		DF41C2811DBDDEC9009EADE9 /* WXmomentUITests */ = {
			isa = PBXGroup;
			children = (
				DF41C2821DBDDEC9009EADE9 /* WXmomentUITests.m */,
				DF41C2841DBDDEC9009EADE9 /* Info.plist */,
			);
			path = WXmomentUITests;
			sourceTree = "<group>";
		};
/* End PBXGroup section */

/* Begin PBXNativeTarget section */
		DF41C2591DBDDEC9009EADE9 /* WXmoment */ = {
			isa = PBXNativeTarget;
			buildConfigurationList = DF41C2871DBDDEC9009EADE9 /* Build configuration list for PBXNativeTarget "WXmoment" */;
			buildPhases = (
				DF41C2561DBDDEC9009EADE9 /* Sources */,
				DF41C2571DBDDEC9009EADE9 /* Frameworks */,
				DF41C2581DBDDEC9009EADE9 /* Resources */,
			);
			buildRules = (
			);
			dependencies = (
			);
			name = WXmoment;
			productName = WXmoment;
			productReference = DF41C25A1DBDDEC9009EADE9 /* WXmoment.app */;
			productType = "com.apple.product-type.application";
		};
		DF41C2721DBDDEC9009EADE9 /* WXmomentTests */ = {
			isa = PBXNativeTarget;
			buildConfigurationList = DF41C28A1DBDDEC9009EADE9 /* Build configuration list for PBXNativeTarget "WXmomentTests" */;
			buildPhases = (
				DF41C26F1DBDDEC9009EADE9 /* Sources */,
				DF41C2701DBDDEC9009EADE9 /* Frameworks */,
				DF41C2711DBDDEC9009EADE9 /* Resources */,
			);
			buildRules = (
			);
			dependencies = (
				DF41C2751DBDDEC9009EADE9 /* PBXTargetDependency */,
			);
			name = WXmomentTests;
			productName = WXmomentTests;
			productReference = DF41C2731DBDDEC9009EADE9 /* WXmomentTests.xctest */;
			productType = "com.apple.product-type.bundle.unit-test";
		};
		DF41C27D1DBDDEC9009EADE9 /* WXmomentUITests */ = {
			isa = PBXNativeTarget;
			buildConfigurationList = DF41C28D1DBDDEC9009EADE9 /* Build configuration list for PBXNativeTarget "WXmomentUITests" */;
			buildPhases = (
				DF41C27A1DBDDEC9009EADE9 /* Sources */,
				DF41C27B1DBDDEC9009EADE9 /* Frameworks */,
				DF41C27C1DBDDEC9009EADE9 /* Resources */,
			);
			buildRules = (
			);
			dependencies = (
				DF41C2801DBDDEC9009EADE9 /* PBXTargetDependency */,
			);
			name = WXmomentUITests;
			productName = WXmomentUITests;
			productReference = DF41C27E1DBDDEC9009EADE9 /* WXmomentUITests.xctest */;
			productType = "com.apple.product-type.bundle.ui-testing";
		};
/* End PBXNativeTarget section */

/* Begin PBXProject section */
		DF41C2521DBDDEC9009EADE9 /* Project object */ = {
			isa = PBXProject;
			attributes = {
				LastUpgradeCheck = 0730;
				ORGANIZATIONNAME = DW;
				TargetAttributes = {
					DF41C2591DBDDEC9009EADE9 = {
						CreatedOnToolsVersion = 7.3.1;
					};
					DF41C2721DBDDEC9009EADE9 = {
						CreatedOnToolsVersion = 7.3.1;
						TestTargetID = DF41C2591DBDDEC9009EADE9;
					};
					DF41C27D1DBDDEC9009EADE9 = {
						CreatedOnToolsVersion = 7.3.1;
						TestTargetID = DF41C2591DBDDEC9009EADE9;
					};
				};
			};
			buildConfigurationList = DF41C2551DBDDEC9009EADE9 /* Build configuration list for PBXProject "WXmoment" */;
			compatibilityVersion = "Xcode 3.2";
			developmentRegion = English;
			hasScannedForEncodings = 0;
			knownRegions = (
				en,
				Base,
			);
			mainGroup = DF41C2511DBDDEC9009EADE9;
			productRefGroup = DF41C25B1DBDDEC9009EADE9 /* Products */;
			projectDirPath = "";
			projectRoot = "";
			targets = (
				DF41C2591DBDDEC9009EADE9 /* WXmoment */,
				DF41C2721DBDDEC9009EADE9 /* WXmomentTests */,
				DF41C27D1DBDDEC9009EADE9 /* WXmomentUITests */,
			);
		};
/* End PBXProject section */

/* Begin PBXResourcesBuildPhase section */
		DF41C2581DBDDEC9009EADE9 /* Resources */ = {
			isa = PBXResourcesBuildPhase;
			buildActionMask = 2147483647;
			files = (
				DF41C26D1DBDDEC9009EADE9 /* LaunchScreen.storyboard in Resources */,
				DF41C26A1DBDDEC9009EADE9 /* Assets.xcassets in Resources */,
				DF41C2681DBDDEC9009EADE9 /* Main.storyboard in Resources */,
			);
			runOnlyForDeploymentPostprocessing = 0;
		};
		DF41C2711DBDDEC9009EADE9 /* Resources */ = {
			isa = PBXResourcesBuildPhase;
			buildActionMask = 2147483647;
			files = (
			);
			runOnlyForDeploymentPostprocessing = 0;
		};
		DF41C27C1DBDDEC9009EADE9 /* Resources */ = {
			isa = PBXResourcesBuildPhase;
			buildActionMask = 2147483647;
			files = (
			);
			runOnlyForDeploymentPostprocessing = 0;
		};
/* End PBXResourcesBuildPhase section */

/* Begin PBXSourcesBuildPhase section */
		DF41C2561DBDDEC9009EADE9 /* Sources */ = {
			isa = PBXSourcesBuildPhase;
			buildActionMask = 2147483647;
			files = (
				DF41C2651DBDDEC9009EADE9 /* LoginViewController.m in Sources */,
				DF41C2621DBDDEC9009EADE9 /* AppDelegate.m in Sources */,
				DF41C25F1DBDDEC9009EADE9 /* main.m in Sources */,
			);
			runOnlyForDeploymentPostprocessing = 0;
		};
		DF41C26F1DBDDEC9009EADE9 /* Sources */ = {
			isa = PBXSourcesBuildPhase;
			buildActionMask = 2147483647;
			files = (
				DF41C2781DBDDEC9009EADE9 /* WXmomentTests.m in Sources */,
			);
			runOnlyForDeploymentPostprocessing = 0;
		};
		DF41C27A1DBDDEC9009EADE9 /* Sources */ = {
			isa = PBXSourcesBuildPhase;
			buildActionMask = 2147483647;
			files = (
				DF41C2831DBDDEC9009EADE9 /* WXmomentUITests.m in Sources */,
			);
			runOnlyForDeploymentPostprocessing = 0;
		};
/* End PBXSourcesBuildPhase section */

/* Begin PBXTargetDependency section */
		DF41C2751DBDDEC9009EADE9 /* PBXTargetDependency */ = {
			isa = PBXTargetDependency;
			target = DF41C2591DBDDEC9009EADE9 /* WXmoment */;
			targetProxy = DF41C2741DBDDEC9009EADE9 /* PBXContainerItemProxy */;
		};
		DF41C2801DBDDEC9009EADE9 /* PBXTargetDependency */ = {
			isa = PBXTargetDependency;
			target = DF41C2591DBDDEC9009EADE9 /* WXmoment */;
			targetProxy = DF41C27F1DBDDEC9009EADE9 /* PBXContainerItemProxy */;
		};
/* End PBXTargetDependency section */

/* Begin PBXVariantGroup section */
		DF41C2661DBDDEC9009EADE9 /* Main.storyboard */ = {
			isa = PBXVariantGroup;
			children = (
				DF41C2671DBDDEC9009EADE9 /* Base */,
			);
			name = Main.storyboard;
			sourceTree = "<group>";
		};
		DF41C26B1DBDDEC9009EADE9 /* LaunchScreen.storyboard */ = {
			isa = PBXVariantGroup;
			children = (
				DF41C26C1DBDDEC9009EADE9 /* Base */,
			);
			name = LaunchScreen.storyboard;
			sourceTree = "<group>";
		};
/* End PBXVariantGroup section */

/* Begin XCBuildConfiguration section */
		DF41C2851DBDDEC9009EADE9 /* Debug */ = {
			isa = XCBuildConfiguration;
			buildSettings = {
				ALWAYS_SEARCH_USER_PATHS = NO;
				CLANG_ANALYZER_NONNULL = YES;
				CLANG_CXX_LANGUAGE_STANDARD = "gnu++0x";
				CLANG_CXX_LIBRARY = "libc++";
				CLANG_ENABLE_MODULES = YES;
				CLANG_ENABLE_OBJC_ARC = YES;
				CLANG_WARN_BOOL_CONVERSION = YES;
				CLANG_WARN_CONSTANT_CONVERSION = YES;
				CLANG_WARN_DIRECT_OBJC_ISA_USAGE = YES_ERROR;
				CLANG_WARN_EMPTY_BODY = YES;
				CLANG_WARN_ENUM_CONVERSION = YES;
				CLANG_WARN_INT_CONVERSION = YES;
				CLANG_WARN_OBJC_ROOT_CLASS = YES_ERROR;
				CLANG_WARN_UNREACHABLE_CODE = YES;
				CLANG_WARN__DUPLICATE_METHOD_MATCH = YES;
				"CODE_SIGN_IDENTITY[sdk=iphoneos*]" = "iPhone Developer";
				COPY_PHASE_STRIP = NO;
				DEBUG_INFORMATION_FORMAT = dwarf;
				ENABLE_STRICT_OBJC_MSGSEND = YES;
				ENABLE_TESTABILITY = YES;
				GCC_C_LANGUAGE_STANDARD = gnu99;
				GCC_DYNAMIC_NO_PIC = NO;
				GCC_NO_COMMON_BLOCKS = YES;
				GCC_OPTIMIZATION_LEVEL = 0;
				GCC_PREPROCESSOR_DEFINITIONS = (
					"DEBUG=1",
					"$(inherited)",
				);
				GCC_WARN_64_TO_32_BIT_CONVERSION = YES;
				GCC_WARN_ABOUT_RETURN_TYPE = YES_ERROR;
				GCC_WARN_UNDECLARED_SELECTOR = YES;
				GCC_WARN_UNINITIALIZED_AUTOS = YES_AGGRESSIVE;
				GCC_WARN_UNUSED_FUNCTION = YES;
				GCC_WARN_UNUSED_VARIABLE = YES;
				IPHONEOS_DEPLOYMENT_TARGET = 9.3;
				MTL_ENABLE_DEBUG_INFO = YES;
				ONLY_ACTIVE_ARCH = YES;
				SDKROOT = iphoneos;
				TARGETED_DEVICE_FAMILY = "1,2";
			};
			name = Debug;
		};
		DF41C2861DBDDEC9009EADE9 /* Release */ = {
			isa = XCBuildConfiguration;
			buildSettings = {
				ALWAYS_SEARCH_USER_PATHS = NO;
				CLANG_ANALYZER_NONNULL = YES;
				CLANG_CXX_LANGUAGE_STANDARD = "gnu++0x";
				CLANG_CXX_LIBRARY = "libc++";
				CLANG_ENABLE_MODULES = YES;
				CLANG_ENABLE_OBJC_ARC = YES;
				CLANG_WARN_BOOL_CONVERSION = YES;
				CLANG_WARN_CONSTANT_CONVERSION = YES;
				CLANG_WARN_DIRECT_OBJC_ISA_USAGE = YES_ERROR;
				CLANG_WARN_EMPTY_BODY = YES;
				CLANG_WARN_ENUM_CONVERSION = YES;
				CLANG_WARN_INT_CONVERSION = YES;
				CLANG_WARN_OBJC_ROOT_CLASS = YES_ERROR;
				CLANG_WARN_UNREACHABLE_CODE = YES;
				CLANG_WARN__DUPLICATE_METHOD_MATCH = YES;
				"CODE_SIGN_IDENTITY[sdk=iphoneos*]" = "iPhone Developer";
				COPY_PHASE_STRIP = NO;
				DEBUG_INFORMATION_FORMAT = "dwarf-with-dsym";
				ENABLE_NS_ASSERTIONS = NO;
				ENABLE_STRICT_OBJC_MSGSEND = YES;
				GCC_C_LANGUAGE_STANDARD = gnu99;
				GCC_NO_COMMON_BLOCKS = YES;
				GCC_WARN_64_TO_32_BIT_CONVERSION = YES;
				GCC_WARN_ABOUT_RETURN_TYPE = YES_ERROR;
				GCC_WARN_UNDECLARED_SELECTOR = YES;
				GCC_WARN_UNINITIALIZED_AUTOS = YES_AGGRESSIVE;
				GCC_WARN_UNUSED_FUNCTION = YES;
				GCC_WARN_UNUSED_VARIABLE = YES;
				IPHONEOS_DEPLOYMENT_TARGET = 9.3;
				MTL_ENABLE_DEBUG_INFO = NO;
				SDKROOT = iphoneos;
				TARGETED_DEVICE_FAMILY = "1,2";
				VALIDATE_PRODUCT = YES;
			};
			name = Release;
		};
		DF41C2881DBDDEC9009EADE9 /* Debug */ = {
			isa = XCBuildConfiguration;
			buildSettings = {
				ASSETCATALOG_COMPILER_APPICON_NAME = AppIcon;
				INFOPLIST_FILE = WXmoment/Info.plist;
				LD_RUNPATH_SEARCH_PATHS = "$(inherited) @executable_path/Frameworks";
				PRODUCT_BUNDLE_IDENTIFIER = jeffcom.devework.WXmoment;
				PRODUCT_NAME = "$(TARGET_NAME)";
			};
			name = Debug;
		};
		DF41C2891DBDDEC9009EADE9 /* Release */ = {
			isa = XCBuildConfiguration;
			buildSettings = {
				ASSETCATALOG_COMPILER_APPICON_NAME = AppIcon;
				INFOPLIST_FILE = WXmoment/Info.plist;
				LD_RUNPATH_SEARCH_PATHS = "$(inherited) @executable_path/Frameworks";
				PRODUCT_BUNDLE_IDENTIFIER = jeffcom.devework.WXmoment;
				PRODUCT_NAME = "$(TARGET_NAME)";
			};
			name = Release;
		};
		DF41C28B1DBDDEC9009EADE9 /* Debug */ = {
			isa = XCBuildConfiguration;
			buildSettings = {
				BUNDLE_LOADER = "$(TEST_HOST)";
				INFOPLIST_FILE = WXmomentTests/Info.plist;
				LD_RUNPATH_SEARCH_PATHS = "$(inherited) @executable_path/Frameworks @loader_path/Frameworks";
				PRODUCT_BUNDLE_IDENTIFIER = jeffcom.devework.WXmomentTests;
				PRODUCT_NAME = "$(TARGET_NAME)";
				TEST_HOST = "$(BUILT_PRODUCTS_DIR)/WXmoment.app/WXmoment";
			};
			name = Debug;
		};
		DF41C28C1DBDDEC9009EADE9 /* Release */ = {
			isa = XCBuildConfiguration;
			buildSettings = {
				BUNDLE_LOADER = "$(TEST_HOST)";
				INFOPLIST_FILE = WXmomentTests/Info.plist;
				LD_RUNPATH_SEARCH_PATHS = "$(inherited) @executable_path/Frameworks @loader_path/Frameworks";
				PRODUCT_BUNDLE_IDENTIFIER = jeffcom.devework.WXmomentTests;
				PRODUCT_NAME = "$(TARGET_NAME)";
				TEST_HOST = "$(BUILT_PRODUCTS_DIR)/WXmoment.app/WXmoment";
			};
			name = Release;
		};
		DF41C28E1DBDDEC9009EADE9 /* Debug */ = {
			isa = XCBuildConfiguration;
			buildSettings = {
				INFOPLIST_FILE = WXmomentUITests/Info.plist;
				LD_RUNPATH_SEARCH_PATHS = "$(inherited) @executable_path/Frameworks @loader_path/Frameworks";
				PRODUCT_BUNDLE_IDENTIFIER = jeffcom.devework.WXmomentUITests;
				PRODUCT_NAME = "$(TARGET_NAME)";
				TEST_TARGET_NAME = WXmoment;
			};
			name = Debug;
		};
		DF41C28F1DBDDEC9009EADE9 /* Release */ = {
			isa = XCBuildConfiguration;
			buildSettings = {
				INFOPLIST_FILE = WXmomentUITests/Info.plist;
				LD_RUNPATH_SEARCH_PATHS = "$(inherited) @executable_path/Frameworks @loader_path/Frameworks";
				PRODUCT_BUNDLE_IDENTIFIER = jeffcom.devework.WXmomentUITests;
				PRODUCT_NAME = "$(TARGET_NAME)";
				TEST_TARGET_NAME = WXmoment;
			};
			name = Release;
		};
/* End XCBuildConfiguration section */

/* Begin XCConfigurationList section */
		DF41C2551DBDDEC9009EADE9 /* Build configuration list for PBXProject "WXmoment" */ = {
			isa = XCConfigurationList;
			buildConfigurations = (
				DF41C2851DBDDEC9009EADE9 /* Debug */,
				DF41C2861DBDDEC9009EADE9 /* Release */,
			);
			defaultConfigurationIsVisible = 0;
			defaultConfigurationName = Release;
		};
		DF41C2871DBDDEC9009EADE9 /* Build configuration list for PBXNativeTarget "WXmoment" */ = {
			isa = XCConfigurationList;
			buildConfigurations = (
				DF41C2881DBDDEC9009EADE9 /* Debug */,
				DF41C2891DBDDEC9009EADE9 /* Release */,
			);
			defaultConfigurationIsVisible = 0;
			defaultConfigurationName = Release;
		};
		DF41C28A1DBDDEC9009EADE9 /* Build configuration list for PBXNativeTarget "WXmomentTests" */ = {
			isa = XCConfigurationList;
			buildConfigurations = (
				DF41C28B1DBDDEC9009EADE9 /* Debug */,
				DF41C28C1DBDDEC9009EADE9 /* Release */,
			);
			defaultConfigurationIsVisible = 0;
			defaultConfigurationName = Release;
		};
		DF41C28D1DBDDEC9009EADE9 /* Build configuration list for PBXNativeTarget "WXmomentUITests" */ = {
			isa = XCConfigurationList;
			buildConfigurations = (
				DF41C28E1DBDDEC9009EADE9 /* Debug */,
				DF41C28F1DBDDEC9009EADE9 /* Release */,
			);
			defaultConfigurationIsVisible = 0;
			defaultConfigurationName = Release;
		};
/* End XCConfigurationList section */
	};
	rootObject = DF41C2521DBDDEC9009EADE9 /* Project object */;
}
